
Microsoft Visual Studio Solution File, Format Version 12.00
# Visual Studio Version 16
VisualStudioVersion = 16.0.30413.136
MinimumVisualStudioVersion = 10.0.40219.1
Project("{FAE04EC0-301F-11D3-BF4B-00C04F79EFBC}") = "ServerTCPLibrary", "ServerTCPLibrary\ServerTCPLibrary.csproj", "{900E8DB6-E536-4380-B1AD-4130AC5E0373}"
EndProject
Project("{FAE04EC0-301F-11D3-BF4B-00C04F79EFBC}") = "ClientTCPLibrary", "ClientTCPLibrary\ClientTCPLibrary.csproj", "{8C6888D9-E032-4DAE-A9EF-C63AD29493A9}"
EndProject
Project("{FAE04EC0-301F-11D3-BF4B-00C04F79EFBC}") = "TestCaseLibrary", "TestCaseLibrary\TestCaseLibrary.csproj", "{E9F3B71F-07C0-4730-AB57-A059B108F61F}"
EndProject
Global
	GlobalSection(SolutionConfigurationPlatforms) = preSolution
		Debug|Any CPU = Debug|Any CPU
		Release|Any CPU = Release|Any CPU
	EndGlobalSection
	GlobalSection(ProjectConfigurationPlatforms) = postSolution
		{900E8DB6-E536-4380-B1AD-4130AC5E0373}.Debug|Any CPU.ActiveCfg = Debug|Any CPU
		{900E8DB6-E536-4380-B1AD-4130AC5E0373}.Debug|Any CPU.Build.0 = Debug|Any CPU
		{900E8DB6-E536-4380-B1AD-4130AC5E0373}.Release|Any CPU.ActiveCfg = Release|Any CPU
		{900E8DB6-E536-4380-B1AD-4130AC5E0373}.Release|Any CPU.Build.0 = Release|Any CPU
		{8C6888D9-E032-4DAE-A9EF-C63AD29493A9}.Debug|Any CPU.ActiveCfg = Debug|Any CPU
		{8C6888D9-E032-4DAE-A9EF-C63AD29493A9}.Debug|Any CPU.Build.0 = Debug|Any CPU
		{8C6888D9-E032-4DAE-A9EF-C63AD29493A9}.Release|Any CPU.ActiveCfg = Release|Any CPU
		{8C6888D9-E032-4DAE-A9EF-C63AD29493A9}.Release|Any CPU.Build.0 = Release|Any CPU
		{E9F3B71F-07C0-4730-AB57-A059B108F61F}.Debug|Any CPU.ActiveCfg = Debug|Any CPU
		{E9F3B71F-07C0-4730-AB57-A059B108F61F}.Debug|Any CPU.Build.0 = Debug|Any CPU
		{E9F3B71F-07C0-4730-AB57-A059B108F61F}.Release|Any CPU.ActiveCfg = Release|Any CPU
		{E9F3B71F-07C0-4730-AB57-A059B108F61F}.Release|Any CPU.Build.0 = Release|Any CPU
	EndGlobalSection
	GlobalSection(SolutionProperties) = preSolution
		HideSolutionNode = FALSE
	EndGlobalSection
	GlobalSection(ExtensibilityGlobals) = postSolution
		SolutionGuid = {2F6A18D2-A222-44FE-8544-7E0E61997BFD}
	EndGlobalSection
EndGlobal
